
Microsoft Visual Studio Solution File, Format Version 12.00
# Visual Studio 15
VisualStudioVersion = 15.0.26124.0
MinimumVisualStudioVersion = 15.0.26124.0
Project("{2150E333-8FDC-42A3-9474-1A3956D46DE8}") = "src", "src", "{3CC25F75-7AFD-441C-A035-D59921ED6730}"
EndProject
Project("{FAE04EC0-301F-11D3-BF4B-00C04F79EFBC}") = "CommandAPI", "src\CommandAPI\CommandAPI.csproj", "{7EABACC0-E728-473F-90E7-9057ADDC24CC}"
EndProject
Project("{2150E333-8FDC-42A3-9474-1A3956D46DE8}") = "test", "test", "{EDDA1695-BE1F-4C4D-82B3-4ECC256337B2}"
EndProject
Project("{FAE04EC0-301F-11D3-BF4B-00C04F79EFBC}") = "CommandAPI.Tests", "test\CommandAPI.Tests\CommandAPI.Tests.csproj", "{51A4C31A-1DD3-412D-BDD6-8C3C3A1E41B0}"
EndProject
Global
	GlobalSection(SolutionConfigurationPlatforms) = preSolution
		Debug|Any CPU = Debug|Any CPU
		Debug|x64 = Debug|x64
		Debug|x86 = Debug|x86
		Release|Any CPU = Release|Any CPU
		Release|x64 = Release|x64
		Release|x86 = Release|x86
	EndGlobalSection
	GlobalSection(SolutionProperties) = preSolution
		HideSolutionNode = FALSE
	EndGlobalSection
	GlobalSection(ProjectConfigurationPlatforms) = postSolution
		{7EABACC0-E728-473F-90E7-9057ADDC24CC}.Debug|Any CPU.ActiveCfg = Debug|Any CPU
		{7EABACC0-E728-473F-90E7-9057ADDC24CC}.Debug|Any CPU.Build.0 = Debug|Any CPU
		{7EABACC0-E728-473F-90E7-9057ADDC24CC}.Debug|x64.ActiveCfg = Debug|Any CPU
		{7EABACC0-E728-473F-90E7-9057ADDC24CC}.Debug|x64.Build.0 = Debug|Any CPU
		{7EABACC0-E728-473F-90E7-9057ADDC24CC}.Debug|x86.ActiveCfg = Debug|Any CPU
		{7EABACC0-E728-473F-90E7-9057ADDC24CC}.Debug|x86.Build.0 = Debug|Any CPU
		{7EABACC0-E728-473F-90E7-9057ADDC24CC}.Release|Any CPU.ActiveCfg = Release|Any CPU
		{7EABACC0-E728-473F-90E7-9057ADDC24CC}.Release|Any CPU.Build.0 = Release|Any CPU
		{7EABACC0-E728-473F-90E7-9057ADDC24CC}.Release|x64.ActiveCfg = Release|Any CPU
		{7EABACC0-E728-473F-90E7-9057ADDC24CC}.Release|x64.Build.0 = Release|Any CPU
		{7EABACC0-E728-473F-90E7-9057ADDC24CC}.Release|x86.ActiveCfg = Release|Any CPU
		{7EABACC0-E728-473F-90E7-9057ADDC24CC}.Release|x86.Build.0 = Release|Any CPU
		{51A4C31A-1DD3-412D-BDD6-8C3C3A1E41B0}.Debug|Any CPU.ActiveCfg = Debug|Any CPU
		{51A4C31A-1DD3-412D-BDD6-8C3C3A1E41B0}.Debug|Any CPU.Build.0 = Debug|Any CPU
		{51A4C31A-1DD3-412D-BDD6-8C3C3A1E41B0}.Debug|x64.ActiveCfg = Debug|Any CPU
		{51A4C31A-1DD3-412D-BDD6-8C3C3A1E41B0}.Debug|x64.Build.0 = Debug|Any CPU
		{51A4C31A-1DD3-412D-BDD6-8C3C3A1E41B0}.Debug|x86.ActiveCfg = Debug|Any CPU
		{51A4C31A-1DD3-412D-BDD6-8C3C3A1E41B0}.Debug|x86.Build.0 = Debug|Any CPU
		{51A4C31A-1DD3-412D-BDD6-8C3C3A1E41B0}.Release|Any CPU.ActiveCfg = Release|Any CPU
		{51A4C31A-1DD3-412D-BDD6-8C3C3A1E41B0}.Release|Any CPU.Build.0 = Release|Any CPU
		{51A4C31A-1DD3-412D-BDD6-8C3C3A1E41B0}.Release|x64.ActiveCfg = Release|Any CPU
		{51A4C31A-1DD3-412D-BDD6-8C3C3A1E41B0}.Release|x64.Build.0 = Release|Any CPU
		{51A4C31A-1DD3-412D-BDD6-8C3C3A1E41B0}.Release|x86.ActiveCfg = Release|Any CPU
		{51A4C31A-1DD3-412D-BDD6-8C3C3A1E41B0}.Release|x86.Build.0 = Release|Any CPU
	EndGlobalSection
	GlobalSection(NestedProjects) = preSolution
		{7EABACC0-E728-473F-90E7-9057ADDC24CC} = {3CC25F75-7AFD-441C-A035-D59921ED6730}
		{51A4C31A-1DD3-412D-BDD6-8C3C3A1E41B0} = {EDDA1695-BE1F-4C4D-82B3-4ECC256337B2}
	EndGlobalSection
EndGlobal
